schema: '2.0'
stages:
  prepare:
    cmd: python src/preprocessing.py
    deps:
    - path: data/EcoPreprocessed.csv
      hash: md5
      md5: 2dc04647aee7e94a7c848a254347f536
      size: 372558
    - path: src/preprocessing.py
      hash: md5
      md5: 08f5c811f768030091b0495a476ef264
      size: 257
    outs:
    - path: data/processed_dataset.csv
      hash: md5
      md5: f66ff28f53747d926dfaeeb63e9fb9d6
      size: 809827
